// !$*UTF8*$!
{
	archiveVersion = 1;
	classes = {
	};
	objectVersion = 52;
	objects = {

/* Begin PBXBuildFile section */
		B8FE42EA24D04A8500332F53 /* AppDelegate.swift in Sources */ = {isa = PBXBuildFile; fileRef = B8FE42E924D04A8500332F53 /* AppDelegate.swift */; };
		B8FE42EC24D04A8500332F53 /* SceneDelegate.swift in Sources */ = {isa = PBXBuildFile; fileRef = B8FE42EB24D04A8500332F53 /* SceneDelegate.swift */; };
		B8FE42EE24D04A8500332F53 /* ViewController.swift in Sources */ = {isa = PBXBuildFile; fileRef = B8FE42ED24D04A8500332F53 /* ViewController.swift */; };
		B8FE42F124D04A8500332F53 /* Main.storyboard in Resources */ = {isa = PBXBuildFile; fileRef = B8FE42EF24D04A8500332F53 /* Main.storyboard */; };
		B8FE42F324D04A8700332F53 /* Assets.xcassets in Resources */ = {isa = PBXBuildFile; fileRef = B8FE42F224D04A8700332F53 /* Assets.xcassets */; };
		B8FE42F624D04A8700332F53 /* LaunchScreen.storyboard in Resources */ = {isa = PBXBuildFile; fileRef = B8FE42F424D04A8700332F53 /* LaunchScreen.storyboard */; };
		B8FE42FF24D05FCA00332F53 /* CombineCocoa in Frameworks */ = {isa = PBXBuildFile; productRef = B8FE42FE24D05FCA00332F53 /* CombineCocoa */; };
/* End PBXBuildFile section */

/* Begin PBXFileReference section */
		B8FE42E624D04A8500332F53 /* FreelyScroll.app */ = {isa = PBXFileReference; explicitFileType = wrapper.application; includeInIndex = 0; path = FreelyScroll.app; sourceTree = BUILT_PRODUCTS_DIR; };
		B8FE42E924D04A8500332F53 /* AppDelegate.swift */ = {isa = PBXFileReference; lastKnownFileType = sourcecode.swift; path = AppDelegate.swift; sourceTree = "<group>"; };
		B8FE42EB24D04A8500332F53 /* SceneDelegate.swift */ = {isa = PBXFileReference; lastKnownFileType = sourcecode.swift; path = SceneDelegate.swift; sourceTree = "<group>"; };
		B8FE42ED24D04A8500332F53 /* ViewController.swift */ = {isa = PBXFileReference; lastKnownFileType = sourcecode.swift; path = ViewController.swift; sourceTree = "<group>"; };
		B8FE42F024D04A8500332F53 /* Base */ = {isa = PBXFileReference; lastKnownFileType = file.storyboard; name = Base; path = Base.lproj/Main.storyboard; sourceTree = "<group>"; };
		B8FE42F224D04A8700332F53 /* Assets.xcassets */ = {isa = PBXFileReference; lastKnownFileType = folder.assetcatalog; path = Assets.xcassets; sourceTree = "<group>"; };
		B8FE42F524D04A8700332F53 /* Base */ = {isa = PBXFileReference; lastKnownFileType = file.storyboard; name = Base; path = Base.lproj/LaunchScreen.storyboard; sourceTree = "<group>"; };
		B8FE42F724D04A8700332F53 /* Info.plist */ = {isa = PBXFileReference; lastKnownFileType = text.plist.xml; path = Info.plist; sourceTree = "<group>"; };
/* End PBXFileReference section */

/* Begin PBXFrameworksBuildPhase section */
		B8FE42E324D04A8500332F53 /* Frameworks */ = {
			isa = PBXFrameworksBuildPhase;
			buildActionMask = 2147483647;
			files = (
				B8FE42FF24D05FCA00332F53 /* CombineCocoa in Frameworks */,
			);
			runOnlyForDeploymentPostprocessing = 0;
		};
/* End PBXFrameworksBuildPhase section */

/* Begin PBXGroup section */
		B8FE42DD24D04A8400332F53 = {
			isa = PBXGroup;
			children = (
				B8FE42E824D04A8500332F53 /* FreelyScroll */,
				B8FE42E724D04A8500332F53 /* Products */,
			);
			sourceTree = "<group>";
		};
		B8FE42E724D04A8500332F53 /* Products */ = {
			isa = PBXGroup;
			children = (
				B8FE42E624D04A8500332F53 /* FreelyScroll.app */,
			);
			name = Products;
			sourceTree = "<group>";
		};
		B8FE42E824D04A8500332F53 /* FreelyScroll */ = {
			isa = PBXGroup;
			children = (
				B8FE42E924D04A8500332F53 /* AppDelegate.swift */,
				B8FE42EB24D04A8500332F53 /* SceneDelegate.swift */,
				B8FE42ED24D04A8500332F53 /* ViewController.swift */,
				B8FE42EF24D04A8500332F53 /* Main.storyboard */,
				B8FE42F224D04A8700332F53 /* Assets.xcassets */,
				B8FE42F424D04A8700332F53 /* LaunchScreen.storyboard */,
				B8FE42F724D04A8700332F53 /* Info.plist */,
			);
			path = FreelyScroll;
			sourceTree = "<group>";
		};
/* End PBXGroup section */

/* Begin PBXNativeTarget section */
		B8FE42E524D04A8500332F53 /* FreelyScroll */ = {
			isa = PBXNativeTarget;
			buildConfigurationList = B8FE42FA24D04A8700332F53 /* Build configuration list for PBXNativeTarget "FreelyScroll" */;
			buildPhases = (
				B8FE42E224D04A8500332F53 /* Sources */,
				B8FE42E324D04A8500332F53 /* Frameworks */,
				B8FE42E424D04A8500332F53 /* Resources */,
			);
			buildRules = (
			);
			dependencies = (
			);
			name = FreelyScroll;
			packageProductDependencies = (
				B8FE42FE24D05FCA00332F53 /* CombineCocoa */,
			);
			productName = FreelyScroll;
			productReference = B8FE42E624D04A8500332F53 /* FreelyScroll.app */;
			productType = "com.apple.product-type.application";
		};
/* End PBXNativeTarget section */

/* Begin PBXProject section */
		B8FE42DE24D04A8400332F53 /* Project object */ = {
			isa = PBXProject;
			attributes = {
				LastSwiftUpdateCheck = 1160;
				LastUpgradeCheck = 1160;
				ORGANIZATIONNAME = hicka04;
				TargetAttributes = {
					B8FE42E524D04A8500332F53 = {
						CreatedOnToolsVersion = 11.6;
					};
				};
			};
			buildConfigurationList = B8FE42E124D04A8400332F53 /* Build configuration list for PBXProject "FreelyScroll" */;
			compatibilityVersion = "Xcode 9.3";
			developmentRegion = en;
			hasScannedForEncodings = 0;
			knownRegions = (
				en,
				Base,
			);
			mainGroup = B8FE42DD24D04A8400332F53;
			packageReferences = (
				B8FE42FD24D05FCA00332F53 /* XCRemoteSwiftPackageReference "CombineCocoa" */,
			);
			productRefGroup = B8FE42E724D04A8500332F53 /* Products */;
			projectDirPath = "";
			projectRoot = "";
			targets = (
				B8FE42E524D04A8500332F53 /* FreelyScroll */,
			);
		};
/* End PBXProject section */

/* Begin PBXResourcesBuildPhase section */
		B8FE42E424D04A8500332F53 /* Resources */ = {
			isa = PBXResourcesBuildPhase;
			buildActionMask = 2147483647;
			files = (
				B8FE42F624D04A8700332F53 /* LaunchScreen.storyboard in Resources */,
				B8FE42F324D04A8700332F53 /* Assets.xcassets in Resources */,
				B8FE42F124D04A8500332F53 /* Main.storyboard in Resources */,
			);
			runOnlyForDeploymentPostprocessing = 0;
		};
/* End PBXResourcesBuildPhase section */

/* Begin PBXSourcesBuildPhase section */
		B8FE42E224D04A8500332F53 /* Sources */ = {
			isa = PBXSourcesBuildPhase;
			buildActionMask = 2147483647;
			files = (
				B8FE42EE24D04A8500332F53 /* ViewController.swift in Sources */,
				B8FE42EA24D04A8500332F53 /* AppDelegate.swift in Sources */,
				B8FE42EC24D04A8500332F53 /* SceneDelegate.swift in Sources */,
			);
			runOnlyForDeploymentPostprocessing = 0;
		};
/* End PBXSourcesBuildPhase section */

/* Begin PBXVariantGroup section */
		B8FE42EF24D04A8500332F53 /* Main.storyboard */ = {
			isa = PBXVariantGroup;
			children = (
				B8FE42F024D04A8500332F53 /* Base */,
			);
			name = Main.storyboard;
			sourceTree = "<group>";
		};
		B8FE42F424D04A8700332F53 /* LaunchScreen.storyboard */ = {
			isa = PBXVariantGroup;
			children = (
				B8FE42F524D04A8700332F53 /* Base */,
			);
			name = LaunchScreen.storyboard;
			sourceTree = "<group>";
		};
/* End PBXVariantGroup section */

/* Begin XCBuildConfiguration section */
		B8FE42F824D04A8700332F53 /* Debug */ = {
			isa = XCBuildConfiguration;
			buildSettings = {
				ALWAYS_SEARCH_USER_PATHS = NO;
				CLANG_ANALYZER_NONNULL = YES;
				CLANG_ANALYZER_NUMBER_OBJECT_CONVERSION = YES_AGGRESSIVE;
				CLANG_CXX_LANGUAGE_STANDARD = "gnu++14";
				CLANG_CXX_LIBRARY = "libc++";
				CLANG_ENABLE_MODULES = YES;
				CLANG_ENABLE_OBJC_ARC = YES;
				CLANG_ENABLE_OBJC_WEAK = YES;
				CLANG_WARN_BLOCK_CAPTURE_AUTORELEASING = YES;
				CLANG_WARN_BOOL_CONVERSION = YES;
				CLANG_WARN_COMMA = YES;
				CLANG_WARN_CONSTANT_CONVERSION = YES;
				CLANG_WARN_DEPRECATED_OBJC_IMPLEMENTATIONS = YES;
				CLANG_WARN_DIRECT_OBJC_ISA_USAGE = YES_ERROR;
				CLANG_WARN_DOCUMENTATION_COMMENTS = YES;
				CLANG_WARN_EMPTY_BODY = YES;
				CLANG_WARN_ENUM_CONVERSION = YES;
				CLANG_WARN_INFINITE_RECURSION = YES;
				CLANG_WARN_INT_CONVERSION = YES;
				CLANG_WARN_NON_LITERAL_NULL_CONVERSION = YES;
				CLANG_WARN_OBJC_IMPLICIT_RETAIN_SELF = YES;
				CLANG_WARN_OBJC_LITERAL_CONVERSION = YES;
				CLANG_WARN_OBJC_ROOT_CLASS = YES_ERROR;
				CLANG_WARN_RANGE_LOOP_ANALYSIS = YES;
				CLANG_WARN_STRICT_PROTOTYPES = YES;
				CLANG_WARN_SUSPICIOUS_MOVE = YES;
				CLANG_WARN_UNGUARDED_AVAILABILITY = YES_AGGRESSIVE;
				CLANG_WARN_UNREACHABLE_CODE = YES;
				CLANG_WARN__DUPLICATE_METHOD_MATCH = YES;
				COPY_PHASE_STRIP = NO;
				DEBUG_INFORMATION_FORMAT = dwarf;
				ENABLE_STRICT_OBJC_MSGSEND = YES;
				ENABLE_TESTABILITY = YES;
				GCC_C_LANGUAGE_STANDARD = gnu11;
				GCC_DYNAMIC_NO_PIC = NO;
				GCC_NO_COMMON_BLOCKS = YES;
				GCC_OPTIMIZATION_LEVEL = 0;
				GCC_PREPROCESSOR_DEFINITIONS = (
					"DEBUG=1",
					"$(inherited)",
				);
				GCC_WARN_64_TO_32_BIT_CONVERSION = YES;
				GCC_WARN_ABOUT_RETURN_TYPE = YES_ERROR;
				GCC_WARN_UNDECLARED_SELECTOR = YES;
				GCC_WARN_UNINITIALIZED_AUTOS = YES_AGGRESSIVE;
				GCC_WARN_UNUSED_FUNCTION = YES;
				GCC_WARN_UNUSED_VARIABLE = YES;
				IPHONEOS_DEPLOYMENT_TARGET = 13.6;
				MTL_ENABLE_DEBUG_INFO = INCLUDE_SOURCE;
				MTL_FAST_MATH = YES;
				ONLY_ACTIVE_ARCH = YES;
				SDKROOT = iphoneos;
				SWIFT_ACTIVE_COMPILATION_CONDITIONS = DEBUG;
				SWIFT_OPTIMIZATION_LEVEL = "-Onone";
			};
			name = Debug;
		};
		B8FE42F924D04A8700332F53 /* Release */ = {
			isa = XCBuildConfiguration;
			buildSettings = {
				ALWAYS_SEARCH_USER_PATHS = NO;
				CLANG_ANALYZER_NONNULL = YES;
				CLANG_ANALYZER_NUMBER_OBJECT_CONVERSION = YES_AGGRESSIVE;
				CLANG_CXX_LANGUAGE_STANDARD = "gnu++14";
				CLANG_CXX_LIBRARY = "libc++";
				CLANG_ENABLE_MODULES = YES;
				CLANG_ENABLE_OBJC_ARC = YES;
				CLANG_ENABLE_OBJC_WEAK = YES;
				CLANG_WARN_BLOCK_CAPTURE_AUTORELEASING = YES;
				CLANG_WARN_BOOL_CONVERSION = YES;
				CLANG_WARN_COMMA = YES;
				CLANG_WARN_CONSTANT_CONVERSION = YES;
				CLANG_WARN_DEPRECATED_OBJC_IMPLEMENTATIONS = YES;
				CLANG_WARN_DIRECT_OBJC_ISA_USAGE = YES_ERROR;
				CLANG_WARN_DOCUMENTATION_COMMENTS = YES;
				CLANG_WARN_EMPTY_BODY = YES;
				CLANG_WARN_ENUM_CONVERSION = YES;
				CLANG_WARN_INFINITE_RECURSION = YES;
				CLANG_WARN_INT_CONVERSION = YES;
				CLANG_WARN_NON_LITERAL_NULL_CONVERSION = YES;
				CLANG_WARN_OBJC_IMPLICIT_RETAIN_SELF = YES;
				CLANG_WARN_OBJC_LITERAL_CONVERSION = YES;
				CLANG_WARN_OBJC_ROOT_CLASS = YES_ERROR;
				CLANG_WARN_RANGE_LOOP_ANALYSIS = YES;
				CLANG_WARN_STRICT_PROTOTYPES = YES;
				CLANG_WARN_SUSPICIOUS_MOVE = YES;
				CLANG_WARN_UNGUARDED_AVAILABILITY = YES_AGGRESSIVE;
				CLANG_WARN_UNREACHABLE_CODE = YES;
				CLANG_WARN__DUPLICATE_METHOD_MATCH = YES;
				COPY_PHASE_STRIP = NO;
				DEBUG_INFORMATION_FORMAT = "dwarf-with-dsym";
				ENABLE_NS_ASSERTIONS = NO;
				ENABLE_STRICT_OBJC_MSGSEND = YES;
				GCC_C_LANGUAGE_STANDARD = gnu11;
				GCC_NO_COMMON_BLOCKS = YES;
				GCC_WARN_64_TO_32_BIT_CONVERSION = YES;
				GCC_WARN_ABOUT_RETURN_TYPE = YES_ERROR;
				GCC_WARN_UNDECLARED_SELECTOR = YES;
				GCC_WARN_UNINITIALIZED_AUTOS = YES_AGGRESSIVE;
				GCC_WARN_UNUSED_FUNCTION = YES;
				GCC_WARN_UNUSED_VARIABLE = YES;
				IPHONEOS_DEPLOYMENT_TARGET = 13.6;
				MTL_ENABLE_DEBUG_INFO = NO;
				MTL_FAST_MATH = YES;
				SDKROOT = iphoneos;
				SWIFT_COMPILATION_MODE = wholemodule;
				SWIFT_OPTIMIZATION_LEVEL = "-O";
				VALIDATE_PRODUCT = YES;
			};
			name = Release;
		};
		B8FE42FB24D04A8700332F53 /* Debug */ = {
			isa = XCBuildConfiguration;
			buildSettings = {
				ASSETCATALOG_COMPILER_APPICON_NAME = AppIcon;
				CODE_SIGN_STYLE = Automatic;
				DEVELOPMENT_TEAM = 8RYHZQ93KG;
				INFOPLIST_FILE = FreelyScroll/Info.plist;
				LD_RUNPATH_SEARCH_PATHS = (
					"$(inherited)",
					"@executable_path/Frameworks",
				);
				PRODUCT_BUNDLE_IDENTIFIER = com.hicka04.FreelyScroll;
				PRODUCT_NAME = "$(TARGET_NAME)";
				SWIFT_VERSION = 5.0;
				TARGETED_DEVICE_FAMILY = "1,2";
			};
			name = Debug;
		};
		B8FE42FC24D04A8700332F53 /* Release */ = {
			isa = XCBuildConfiguration;
			buildSettings = {
				ASSETCATALOG_COMPILER_APPICON_NAME = AppIcon;
				CODE_SIGN_STYLE = Automatic;
				DEVELOPMENT_TEAM = 8RYHZQ93KG;
				INFOPLIST_FILE = FreelyScroll/Info.plist;
				LD_RUNPATH_SEARCH_PATHS = (
					"$(inherited)",
					"@executable_path/Frameworks",
				);
				PRODUCT_BUNDLE_IDENTIFIER = com.hicka04.FreelyScroll;
				PRODUCT_NAME = "$(TARGET_NAME)";
				SWIFT_VERSION = 5.0;
				TARGETED_DEVICE_FAMILY = "1,2";
			};
			name = Release;
		};
/* End XCBuildConfiguration section */

/* Begin XCConfigurationList section */
		B8FE42E124D04A8400332F53 /* Build configuration list for PBXProject "FreelyScroll" */ = {
			isa = XCConfigurationList;
			buildConfigurations = (
				B8FE42F824D04A8700332F53 /* Debug */,
				B8FE42F924D04A8700332F53 /* Release */,
			);
			defaultConfigurationIsVisible = 0;
			defaultConfigurationName = Release;
		};
		B8FE42FA24D04A8700332F53 /* Build configuration list for PBXNativeTarget "FreelyScroll" */ = {
			isa = XCConfigurationList;
			buildConfigurations = (
				B8FE42FB24D04A8700332F53 /* Debug */,
				B8FE42FC24D04A8700332F53 /* Release */,
			);
			defaultConfigurationIsVisible = 0;
			defaultConfigurationName = Release;
		};
/* End XCConfigurationList section */

/* Begin XCRemoteSwiftPackageReference section */
		B8FE42FD24D05FCA00332F53 /* XCRemoteSwiftPackageReference "CombineCocoa" */ = {
			isa = XCRemoteSwiftPackageReference;
			repositoryURL = "https://github.com/CombineCommunity/CombineCocoa.git";
			requirement = {
				kind = upToNextMajorVersion;
				minimumVersion = 0.1.0;
			};
		};
/* End XCRemoteSwiftPackageReference section */

/* Begin XCSwiftPackageProductDependency section */
		B8FE42FE24D05FCA00332F53 /* CombineCocoa */ = {
			isa = XCSwiftPackageProductDependency;
			package = B8FE42FD24D05FCA00332F53 /* XCRemoteSwiftPackageReference "CombineCocoa" */;
			productName = CombineCocoa;
		};
/* End XCSwiftPackageProductDependency section */
	};
	rootObject = B8FE42DE24D04A8400332F53 /* Project object */;
}
